
Microsoft Visual Studio Solution File, Format Version 12.00
# Visual Studio Version 17
VisualStudioVersion = 17.5.33530.505
MinimumVisualStudioVersion = 10.0.40219.1
Project("{FAE04EC0-301F-11D3-BF4B-00C04F79EFBC}") = "wpfAssessment", "wpfAssessment.csproj", "{A532AC0C-295F-42F7-BD54-8BD8EBE5EBB3}"
EndProject
Global
	GlobalSection(SolutionConfigurationPlatforms) = preSolution
		Debug|Any CPU = Debug|Any CPU
		Release|Any CPU = Release|Any CPU
	EndGlobalSection
	GlobalSection(ProjectConfigurationPlatforms) = postSolution
		{A532AC0C-295F-42F7-BD54-8BD8EBE5EBB3}.Debug|Any CPU.ActiveCfg = Debug|Any CPU
		{A532AC0C-295F-42F7-BD54-8BD8EBE5EBB3}.Debug|Any CPU.Build.0 = Debug|Any CPU
		{A532AC0C-295F-42F7-BD54-8BD8EBE5EBB3}.Release|Any CPU.ActiveCfg = Release|Any CPU
		{A532AC0C-295F-42F7-BD54-8BD8EBE5EBB3}.Release|Any CPU.Build.0 = Release|Any CPU
	EndGlobalSection
	GlobalSection(SolutionProperties) = preSolution
		HideSolutionNode = FALSE
	EndGlobalSection
	GlobalSection(ExtensibilityGlobals) = postSolution
		SolutionGuid = {D2138C27-908A-4241-A9DE-D4B5779E7049}
	EndGlobalSection
EndGlobal
